{
  "originHash" : "3b8e092724a4ded7571fbc3ed97176be3fb87c8a9e906147a30aef6ca9359784",
  "pins" : [
    {
      "identity" : "capacitor-swift-pm",
      "kind" : "remoteSourceControl",
      "location" : "https://github.com/ionic-team/capacitor-swift-pm.git",
      "state" : {
        "revision" : "4f71d0b979f2f957326f04353eca7604ee937e1e",
        "version" : "8.5.0"
      }
    },
    {
      "identity" : "ion-ios-camera",
      "kind" : "remoteSourceControl",
      "location" : "https://github.com/ionic-team/ion-ios-camera.git",
      "state" : {
        "revision" : "00c3dfdd6267f80db299d9c5a0bad522156b6cbc",
        "version" : "2.0.0"
      }
    },
    {
      "identity" : "ion-ios-geolocation",
      "kind" : "remoteSourceControl",
      "location" : "https://github.com/ionic-team/ion-ios-geolocation.git",
      "state" : {
        "revision" : "db363927d3a954e3ea24d2e72b6e9814769a84be",
        "version" : "2.1.1"
      }
    },
    {
      "identity" : "keychain-swift",
      "kind" : "remoteSourceControl",
      "location" : "https://github.com/evgenyneu/keychain-swift.git",
      "state" : {
        "revision" : "265806607b45687a3d646e4c9837c31c90f202e8",
        "version" : "21.0.0"
      }
    },
    {
      "identity" : "sqlcipher.swift",
      "kind" : "remoteSourceControl",
      "location" : "https://github.com/sqlcipher/SQLCipher.swift.git",
      "state" : {
        "revision" : "39f212458aeb88e33bdac2200a793a3f0d55d32b",
        "version" : "4.19.0"
      }
    },
    {
      "identity" : "zipfoundation",
      "kind" : "remoteSourceControl",
      "location" : "https://github.com/weichsel/ZIPFoundation.git",
      "state" : {
        "revision" : "22787ffb59de99e5dc1fbfe80b19c97a904ad48d",
        "version" : "0.9.20"
      }
    }
  ],
  "version" : 3
}
